// !$*UTF8*$!
{
	archiveVersion = 1;
	classes = {
	};
	objectVersion = 50;
	objects = {

/* Begin PBXBuildFile section */
		794C027324922012006CA4BB /* AppDelegate.swift in Sources */ = {isa = PBXBuildFile; fileRef = 794C027224922012006CA4BB /* AppDelegate.swift */; };
		794C027524922012006CA4BB /* SceneDelegate.swift in Sources */ = {isa = PBXBuildFile; fileRef = 794C027424922012006CA4BB /* SceneDelegate.swift */; };
		794C027A24922012006CA4BB /* ContentView.swift in Sources */ = {isa = PBXBuildFile; fileRef = 794C027924922012006CA4BB /* ContentView.swift */; };
		794C027C24922015006CA4BB /* Assets.xcassets in Resources */ = {isa = PBXBuildFile; fileRef = 794C027B24922015006CA4BB /* Assets.xcassets */; };
		794C027F24922015006CA4BB /* Preview Assets.xcassets in Resources */ = {isa = PBXBuildFile; fileRef = 794C027E24922015006CA4BB /* Preview Assets.xcassets */; };
		794C028224922015006CA4BB /* LaunchScreen.storyboard in Resources */ = {isa = PBXBuildFile; fileRef = 794C028024922015006CA4BB /* LaunchScreen.storyboard */; };
		798460C4249381F90079E09B /* Bookworm.xcdatamodeld in Sources */ = {isa = PBXBuildFile; fileRef = 798460C2249381F90079E09B /* Bookworm.xcdatamodeld */; };
		798460C624938CFB0079E09B /* AddBookView.swift in Sources */ = {isa = PBXBuildFile; fileRef = 798460C524938CFB0079E09B /* AddBookView.swift */; };
		798460C82493A5710079E09B /* RatingView.swift in Sources */ = {isa = PBXBuildFile; fileRef = 798460C72493A5710079E09B /* RatingView.swift */; };
		798460CA2493A9990079E09B /* EmojiRatingView.swift in Sources */ = {isa = PBXBuildFile; fileRef = 798460C92493A9990079E09B /* EmojiRatingView.swift */; };
		7995598324976C8400A05A93 /* DetailView.swift in Sources */ = {isa = PBXBuildFile; fileRef = 7995598224976C8400A05A93 /* DetailView.swift */; };
/* End PBXBuildFile section */

/* Begin PBXFileReference section */
		794C026F24922012006CA4BB /* Bookworm.app */ = {isa = PBXFileReference; explicitFileType = wrapper.application; includeInIndex = 0; path = Bookworm.app; sourceTree = BUILT_PRODUCTS_DIR; };
		794C027224922012006CA4BB /* AppDelegate.swift */ = {isa = PBXFileReference; lastKnownFileType = sourcecode.swift; path = AppDelegate.swift; sourceTree = "<group>"; };
		794C027424922012006CA4BB /* SceneDelegate.swift */ = {isa = PBXFileReference; lastKnownFileType = sourcecode.swift; path = SceneDelegate.swift; sourceTree = "<group>"; };
		794C027924922012006CA4BB /* ContentView.swift */ = {isa = PBXFileReference; lastKnownFileType = sourcecode.swift; path = ContentView.swift; sourceTree = "<group>"; };
		794C027B24922015006CA4BB /* Assets.xcassets */ = {isa = PBXFileReference; lastKnownFileType = folder.assetcatalog; path = Assets.xcassets; sourceTree = "<group>"; };
		794C027E24922015006CA4BB /* Preview Assets.xcassets */ = {isa = PBXFileReference; lastKnownFileType = folder.assetcatalog; path = "Preview Assets.xcassets"; sourceTree = "<group>"; };
		794C028124922015006CA4BB /* Base */ = {isa = PBXFileReference; lastKnownFileType = file.storyboard; name = Base; path = Base.lproj/LaunchScreen.storyboard; sourceTree = "<group>"; };
		794C028324922015006CA4BB /* Info.plist */ = {isa = PBXFileReference; lastKnownFileType = text.plist.xml; path = Info.plist; sourceTree = "<group>"; };
		798460C3249381F90079E09B /* Bookworm.xcdatamodel */ = {isa = PBXFileReference; lastKnownFileType = wrapper.xcdatamodel; path = Bookworm.xcdatamodel; sourceTree = "<group>"; };
		798460C524938CFB0079E09B /* AddBookView.swift */ = {isa = PBXFileReference; lastKnownFileType = sourcecode.swift; path = AddBookView.swift; sourceTree = "<group>"; };
		798460C72493A5710079E09B /* RatingView.swift */ = {isa = PBXFileReference; lastKnownFileType = sourcecode.swift; path = RatingView.swift; sourceTree = "<group>"; };
		798460C92493A9990079E09B /* EmojiRatingView.swift */ = {isa = PBXFileReference; lastKnownFileType = sourcecode.swift; path = EmojiRatingView.swift; sourceTree = "<group>"; };
		7995598224976C8400A05A93 /* DetailView.swift */ = {isa = PBXFileReference; lastKnownFileType = sourcecode.swift; path = DetailView.swift; sourceTree = "<group>"; };
/* End PBXFileReference section */

/* Begin PBXFrameworksBuildPhase section */
		794C026C24922012006CA4BB /* Frameworks */ = {
			isa = PBXFrameworksBuildPhase;
			buildActionMask = 2147483647;
			files = (
			);
			runOnlyForDeploymentPostprocessing = 0;
		};
/* End PBXFrameworksBuildPhase section */

/* Begin PBXGroup section */
		794C026624922012006CA4BB = {
			isa = PBXGroup;
			children = (
				794C027124922012006CA4BB /* Bookworm */,
				794C027024922012006CA4BB /* Products */,
			);
			sourceTree = "<group>";
		};
		794C027024922012006CA4BB /* Products */ = {
			isa = PBXGroup;
			children = (
				794C026F24922012006CA4BB /* Bookworm.app */,
			);
			name = Products;
			sourceTree = "<group>";
		};
		794C027124922012006CA4BB /* Bookworm */ = {
			isa = PBXGroup;
			children = (
				794C027224922012006CA4BB /* AppDelegate.swift */,
				794C027424922012006CA4BB /* SceneDelegate.swift */,
				794C027924922012006CA4BB /* ContentView.swift */,
				798460C524938CFB0079E09B /* AddBookView.swift */,
				798460C72493A5710079E09B /* RatingView.swift */,
				7995598224976C8400A05A93 /* DetailView.swift */,
				798460C92493A9990079E09B /* EmojiRatingView.swift */,
				794C027B24922015006CA4BB /* Assets.xcassets */,
				794C028024922015006CA4BB /* LaunchScreen.storyboard */,
				794C028324922015006CA4BB /* Info.plist */,
				798460C2249381F90079E09B /* Bookworm.xcdatamodeld */,
				794C027D24922015006CA4BB /* Preview Content */,
			);
			path = Bookworm;
			sourceTree = "<group>";
		};
		794C027D24922015006CA4BB /* Preview Content */ = {
			isa = PBXGroup;
			children = (
				794C027E24922015006CA4BB /* Preview Assets.xcassets */,
			);
			path = "Preview Content";
			sourceTree = "<group>";
		};
/* End PBXGroup section */

/* Begin PBXNativeTarget section */
		794C026E24922012006CA4BB /* Bookworm */ = {
			isa = PBXNativeTarget;
			buildConfigurationList = 794C028624922015006CA4BB /* Build configuration list for PBXNativeTarget "Bookworm" */;
			buildPhases = (
				794C026B24922012006CA4BB /* Sources */,
				794C026C24922012006CA4BB /* Frameworks */,
				794C026D24922012006CA4BB /* Resources */,
			);
			buildRules = (
			);
			dependencies = (
			);
			name = Bookworm;
			productName = Bookworm;
			productReference = 794C026F24922012006CA4BB /* Bookworm.app */;
			productType = "com.apple.product-type.application";
		};
/* End PBXNativeTarget section */

/* Begin PBXProject section */
		794C026724922012006CA4BB /* Project object */ = {
			isa = PBXProject;
			attributes = {
				LastSwiftUpdateCheck = 1150;
				LastUpgradeCheck = 1150;
				ORGANIZATIONNAME = i3pt;
				TargetAttributes = {
					794C026E24922012006CA4BB = {
						CreatedOnToolsVersion = 11.5;
					};
				};
			};
			buildConfigurationList = 794C026A24922012006CA4BB /* Build configuration list for PBXProject "Bookworm" */;
			compatibilityVersion = "Xcode 9.3";
			developmentRegion = en;
			hasScannedForEncodings = 0;
			knownRegions = (
				en,
				Base,
			);
			mainGroup = 794C026624922012006CA4BB;
			productRefGroup = 794C027024922012006CA4BB /* Products */;
			projectDirPath = "";
			projectRoot = "";
			targets = (
				794C026E24922012006CA4BB /* Bookworm */,
			);
		};
/* End PBXProject section */

/* Begin PBXResourcesBuildPhase section */
		794C026D24922012006CA4BB /* Resources */ = {
			isa = PBXResourcesBuildPhase;
			buildActionMask = 2147483647;
			files = (
				794C028224922015006CA4BB /* LaunchScreen.storyboard in Resources */,
				794C027F24922015006CA4BB /* Preview Assets.xcassets in Resources */,
				794C027C24922015006CA4BB /* Assets.xcassets in Resources */,
			);
			runOnlyForDeploymentPostprocessing = 0;
		};
/* End PBXResourcesBuildPhase section */

/* Begin PBXSourcesBuildPhase section */
		794C026B24922012006CA4BB /* Sources */ = {
			isa = PBXSourcesBuildPhase;
			buildActionMask = 2147483647;
			files = (
				794C027324922012006CA4BB /* AppDelegate.swift in Sources */,
				7995598324976C8400A05A93 /* DetailView.swift in Sources */,
				798460C4249381F90079E09B /* Bookworm.xcdatamodeld in Sources */,
				798460CA2493A9990079E09B /* EmojiRatingView.swift in Sources */,
				794C027A24922012006CA4BB /* ContentView.swift in Sources */,
				798460C82493A5710079E09B /* RatingView.swift in Sources */,
				794C027524922012006CA4BB /* SceneDelegate.swift in Sources */,
				798460C624938CFB0079E09B /* AddBookView.swift in Sources */,
			);
			runOnlyForDeploymentPostprocessing = 0;
		};
/* End PBXSourcesBuildPhase section */

/* Begin PBXVariantGroup section */
		794C028024922015006CA4BB /* LaunchScreen.storyboard */ = {
			isa = PBXVariantGroup;
			children = (
				794C028124922015006CA4BB /* Base */,
			);
			name = LaunchScreen.storyboard;
			sourceTree = "<group>";
		};
/* End PBXVariantGroup section */

/* Begin XCBuildConfiguration section */
		794C028424922015006CA4BB /* Debug */ = {
			isa = XCBuildConfiguration;
			buildSettings = {
				ALWAYS_SEARCH_USER_PATHS = NO;
				CLANG_ANALYZER_NONNULL = YES;
				CLANG_ANALYZER_NUMBER_OBJECT_CONVERSION = YES_AGGRESSIVE;
				CLANG_CXX_LANGUAGE_STANDARD = "gnu++14";
				CLANG_CXX_LIBRARY = "libc++";
				CLANG_ENABLE_MODULES = YES;
				CLANG_ENABLE_OBJC_ARC = YES;
				CLANG_ENABLE_OBJC_WEAK = YES;
				CLANG_WARN_BLOCK_CAPTURE_AUTORELEASING = YES;
				CLANG_WARN_BOOL_CONVERSION = YES;
				CLANG_WARN_COMMA = YES;
				CLANG_WARN_CONSTANT_CONVERSION = YES;
				CLANG_WARN_DEPRECATED_OBJC_IMPLEMENTATIONS = YES;
				CLANG_WARN_DIRECT_OBJC_ISA_USAGE = YES_ERROR;
				CLANG_WARN_DOCUMENTATION_COMMENTS = YES;
				CLANG_WARN_EMPTY_BODY = YES;
				CLANG_WARN_ENUM_CONVERSION = YES;
				CLANG_WARN_INFINITE_RECURSION = YES;
				CLANG_WARN_INT_CONVERSION = YES;
				CLANG_WARN_NON_LITERAL_NULL_CONVERSION = YES;
				CLANG_WARN_OBJC_IMPLICIT_RETAIN_SELF = YES;
				CLANG_WARN_OBJC_LITERAL_CONVERSION = YES;
				CLANG_WARN_OBJC_ROOT_CLASS = YES_ERROR;
				CLANG_WARN_RANGE_LOOP_ANALYSIS = YES;
				CLANG_WARN_STRICT_PROTOTYPES = YES;
				CLANG_WARN_SUSPICIOUS_MOVE = YES;
				CLANG_WARN_UNGUARDED_AVAILABILITY = YES_AGGRESSIVE;
				CLANG_WARN_UNREACHABLE_CODE = YES;
				CLANG_WARN__DUPLICATE_METHOD_MATCH = YES;
				COPY_PHASE_STRIP = NO;
				DEBUG_INFORMATION_FORMAT = dwarf;
				ENABLE_STRICT_OBJC_MSGSEND = YES;
				ENABLE_TESTABILITY = YES;
				GCC_C_LANGUAGE_STANDARD = gnu11;
				GCC_DYNAMIC_NO_PIC = NO;
				GCC_NO_COMMON_BLOCKS = YES;
				GCC_OPTIMIZATION_LEVEL = 0;
				GCC_PREPROCESSOR_DEFINITIONS = (
					"DEBUG=1",
					"$(inherited)",
				);
				GCC_WARN_64_TO_32_BIT_CONVERSION = YES;
				GCC_WARN_ABOUT_RETURN_TYPE = YES_ERROR;
				GCC_WARN_UNDECLARED_SELECTOR = YES;
				GCC_WARN_UNINITIALIZED_AUTOS = YES_AGGRESSIVE;
				GCC_WARN_UNUSED_FUNCTION = YES;
				GCC_WARN_UNUSED_VARIABLE = YES;
				IPHONEOS_DEPLOYMENT_TARGET = 13.5;
				MTL_ENABLE_DEBUG_INFO = INCLUDE_SOURCE;
				MTL_FAST_MATH = YES;
				ONLY_ACTIVE_ARCH = YES;
				SDKROOT = iphoneos;
				SWIFT_ACTIVE_COMPILATION_CONDITIONS = DEBUG;
				SWIFT_OPTIMIZATION_LEVEL = "-Onone";
			};
			name = Debug;
		};
		794C028524922015006CA4BB /* Release */ = {
			isa = XCBuildConfiguration;
			buildSettings = {
				ALWAYS_SEARCH_USER_PATHS = NO;
				CLANG_ANALYZER_NONNULL = YES;
				CLANG_ANALYZER_NUMBER_OBJECT_CONVERSION = YES_AGGRESSIVE;
				CLANG_CXX_LANGUAGE_STANDARD = "gnu++14";
				CLANG_CXX_LIBRARY = "libc++";
				CLANG_ENABLE_MODULES = YES;
				CLANG_ENABLE_OBJC_ARC = YES;
				CLANG_ENABLE_OBJC_WEAK = YES;
				CLANG_WARN_BLOCK_CAPTURE_AUTORELEASING = YES;
				CLANG_WARN_BOOL_CONVERSION = YES;
				CLANG_WARN_COMMA = YES;
				CLANG_WARN_CONSTANT_CONVERSION = YES;
				CLANG_WARN_DEPRECATED_OBJC_IMPLEMENTATIONS = YES;
				CLANG_WARN_DIRECT_OBJC_ISA_USAGE = YES_ERROR;
				CLANG_WARN_DOCUMENTATION_COMMENTS = YES;
				CLANG_WARN_EMPTY_BODY = YES;
				CLANG_WARN_ENUM_CONVERSION = YES;
				CLANG_WARN_INFINITE_RECURSION = YES;
				CLANG_WARN_INT_CONVERSION = YES;
				CLANG_WARN_NON_LITERAL_NULL_CONVERSION = YES;
				CLANG_WARN_OBJC_IMPLICIT_RETAIN_SELF = YES;
				CLANG_WARN_OBJC_LITERAL_CONVERSION = YES;
				CLANG_WARN_OBJC_ROOT_CLASS = YES_ERROR;
				CLANG_WARN_RANGE_LOOP_ANALYSIS = YES;
				CLANG_WARN_STRICT_PROTOTYPES = YES;
				CLANG_WARN_SUSPICIOUS_MOVE = YES;
				CLANG_WARN_UNGUARDED_AVAILABILITY = YES_AGGRESSIVE;
				CLANG_WARN_UNREACHABLE_CODE = YES;
				CLANG_WARN__DUPLICATE_METHOD_MATCH = YES;
				COPY_PHASE_STRIP = NO;
				DEBUG_INFORMATION_FORMAT = "dwarf-with-dsym";
				ENABLE_NS_ASSERTIONS = NO;
				ENABLE_STRICT_OBJC_MSGSEND = YES;
				GCC_C_LANGUAGE_STANDARD = gnu11;
				GCC_NO_COMMON_BLOCKS = YES;
				GCC_WARN_64_TO_32_BIT_CONVERSION = YES;
				GCC_WARN_ABOUT_RETURN_TYPE = YES_ERROR;
				GCC_WARN_UNDECLARED_SELECTOR = YES;
				GCC_WARN_UNINITIALIZED_AUTOS = YES_AGGRESSIVE;
				GCC_WARN_UNUSED_FUNCTION = YES;
				GCC_WARN_UNUSED_VARIABLE = YES;
				IPHONEOS_DEPLOYMENT_TARGET = 13.5;
				MTL_ENABLE_DEBUG_INFO = NO;
				MTL_FAST_MATH = YES;
				SDKROOT = iphoneos;
				SWIFT_COMPILATION_MODE = wholemodule;
				SWIFT_OPTIMIZATION_LEVEL = "-O";
				VALIDATE_PRODUCT = YES;
			};
			name = Release;
		};
		794C028724922015006CA4BB /* Debug */ = {
			isa = XCBuildConfiguration;
			buildSettings = {
				ASSETCATALOG_COMPILER_APPICON_NAME = AppIcon;
				CODE_SIGN_STYLE = Automatic;
				DEVELOPMENT_ASSET_PATHS = "\"Bookworm/Preview Content\"";
				DEVELOPMENT_TEAM = 67ZQQ3QNGF;
				ENABLE_PREVIEWS = YES;
				INFOPLIST_FILE = Bookworm/Info.plist;
				LD_RUNPATH_SEARCH_PATHS = (
					"$(inherited)",
					"@executable_path/Frameworks",
				);
				PRODUCT_BUNDLE_IDENTIFIER = i3pt.Bookworm;
				PRODUCT_NAME = "$(TARGET_NAME)";
				SWIFT_VERSION = 5.0;
				TARGETED_DEVICE_FAMILY = "1,2";
			};
			name = Debug;
		};
		794C028824922015006CA4BB /* Release */ = {
			isa = XCBuildConfiguration;
			buildSettings = {
				ASSETCATALOG_COMPILER_APPICON_NAME = AppIcon;
				CODE_SIGN_STYLE = Automatic;
				DEVELOPMENT_ASSET_PATHS = "\"Bookworm/Preview Content\"";
				DEVELOPMENT_TEAM = 67ZQQ3QNGF;
				ENABLE_PREVIEWS = YES;
				INFOPLIST_FILE = Bookworm/Info.plist;
				LD_RUNPATH_SEARCH_PATHS = (
					"$(inherited)",
					"@executable_path/Frameworks",
				);
				PRODUCT_BUNDLE_IDENTIFIER = i3pt.Bookworm;
				PRODUCT_NAME = "$(TARGET_NAME)";
				SWIFT_VERSION = 5.0;
				TARGETED_DEVICE_FAMILY = "1,2";
			};
			name = Release;
		};
/* End XCBuildConfiguration section */

/* Begin XCConfigurationList section */
		794C026A24922012006CA4BB /* Build configuration list for PBXProject "Bookworm" */ = {
			isa = XCConfigurationList;
			buildConfigurations = (
				794C028424922015006CA4BB /* Debug */,
				794C028524922015006CA4BB /* Release */,
			);
			defaultConfigurationIsVisible = 0;
			defaultConfigurationName = Release;
		};
		794C028624922015006CA4BB /* Build configuration list for PBXNativeTarget "Bookworm" */ = {
			isa = XCConfigurationList;
			buildConfigurations = (
				794C028724922015006CA4BB /* Debug */,
				794C028824922015006CA4BB /* Release */,
			);
			defaultConfigurationIsVisible = 0;
			defaultConfigurationName = Release;
		};
/* End XCConfigurationList section */

/* Begin XCVersionGroup section */
		798460C2249381F90079E09B /* Bookworm.xcdatamodeld */ = {
			isa = XCVersionGroup;
			children = (
				798460C3249381F90079E09B /* Bookworm.xcdatamodel */,
			);
			currentVersion = 798460C3249381F90079E09B /* Bookworm.xcdatamodel */;
			path = Bookworm.xcdatamodeld;
			sourceTree = "<group>";
			versionGroupType = wrapper.xcdatamodel;
		};
/* End XCVersionGroup section */
	};
	rootObject = 794C026724922012006CA4BB /* Project object */;
}
